# This file was autogenerated by uv via the following command:
#    uv pip compile --universal --python-version 3.11 requirements.txt -o requirements.lock
aiohappyeyeballs==2.7.1
    # via aiohttp
aiohttp==3.14.1
    # via -r requirements.txt
aiosignal==1.4.0
    # via aiohttp
attrs==26.1.0
    # via aiohttp
backoff==2.2.1
    # via -r requirements.txt
branca==0.8.2
    # via
    #   -r requirements.txt
    #   folium
certifi==2026.6.17
    # via
    #   pyogrio
    #   pyproj
    #   requests
charset-normalizer==3.4.9
    # via requests
colorama==0.4.6 ; sys_platform == 'win32'
    # via
    #   pytest
    #   tqdm
contourpy==1.3.3
    # via matplotlib
cycler==0.12.1
    # via matplotlib
et-xmlfile==2.0.0
    # via openpyxl
filelock==3.29.7
    # via -r requirements.txt
folium==0.20.0
    # via -r requirements.txt
fonttools==4.63.0
    # via matplotlib
frozenlist==1.8.0
    # via
    #   aiohttp
    #   aiosignal
geographiclib==2.1
    # via geopy
geopandas==1.1.4
    # via
    #   -r requirements.txt
    #   osmnx
geopy==2.4.1
    # via -r requirements.txt
idna==3.18
    # via
    #   requests
    #   yarl
iniconfig==2.3.0
    # via pytest
jellyfish==1.2.1
    # via us
jinja2==3.1.6
    # via
    #   branca
    #   folium
kiwisolver==1.5.0
    # via matplotlib
mapbox-vector-tile==2.2.0
    # via -r requirements.txt
markupsafe==3.0.3
    # via jinja2
matplotlib==3.11.0
    # via
    #   -r requirements.txt
    #   seaborn
multidict==6.7.1
    # via
    #   aiohttp
    #   yarl
networkx==3.6.1
    # via
    #   -r requirements.txt
    #   osmnx
numpy==2.4.6 ; python_full_version < '3.12'
    # via
    #   -r requirements.txt
    #   contourpy
    #   folium
    #   geopandas
    #   matplotlib
    #   osmnx
    #   pandas
    #   pyogrio
    #   seaborn
    #   shapely
numpy==2.5.1 ; python_full_version >= '3.12'
    # via
    #   -r requirements.txt
    #   contourpy
    #   folium
    #   geopandas
    #   matplotlib
    #   osmnx
    #   pandas
    #   pyogrio
    #   seaborn
    #   shapely
openpyxl==3.1.5
    # via -r requirements.txt
osmnx==2.1.0
    # via -r requirements.txt
packaging==26.2
    # via
    #   geopandas
    #   matplotlib
    #   pyogrio
    #   pytest
pandas==3.0.3
    # via
    #   -r requirements.txt
    #   geopandas
    #   osmnx
    #   seaborn
pillow==12.3.0
    # via matplotlib
pluggy==1.6.0
    # via pytest
propcache==0.5.2
    # via
    #   aiohttp
    #   yarl
protobuf==6.33.6
    # via mapbox-vector-tile
pyarrow==25.0.0
    # via -r requirements.txt
pyclipper==1.4.0
    # via mapbox-vector-tile
pycountry==26.2.16
    # via -r requirements.txt
pygments==2.20.0
    # via pytest
pyogrio==0.13.0
    # via geopandas
pyparsing==3.3.2
    # via matplotlib
pyproj==3.7.2
    # via geopandas
pytest==9.1.1
    # via -r requirements.txt
python-dateutil==2.9.0.post0
    # via
    #   matplotlib
    #   pandas
python-dotenv==1.2.2
    # via -r requirements.txt
requests==2.34.2
    # via
    #   -r requirements.txt
    #   folium
    #   osmnx
rtree==1.4.1
    # via -r requirements.txt
seaborn==0.13.2
    # via -r requirements.txt
shapely==2.1.2
    # via
    #   -r requirements.txt
    #   geopandas
    #   mapbox-vector-tile
    #   osmnx
six==1.17.0
    # via python-dateutil
tabulate==0.10.0
    # via -r requirements.txt
tqdm==4.68.4
    # via -r requirements.txt
typing-extensions==4.16.0 ; python_full_version < '3.13'
    # via
    #   aiohttp
    #   aiosignal
tzdata==2026.3 ; sys_platform == 'emscripten' or sys_platform == 'win32'
    # via pandas
urllib3==2.7.0
    # via requests
us==3.2.0
    # via -r requirements.txt
xyzservices==2026.3.0
    # via folium
yarl==1.24.2
    # via aiohttp
